
Microsoft Visual Studio Solution File, Format Version 12.00
# Visual Studio 14
VisualStudioVersion = 14.0.25420.1
MinimumVisualStudioVersion = 10.0.40219.1
Project("{CC5FD16D-436D-48AD-A40C-5A424C6E3E79}") = "qtpic", "qtpic\qtpic.ccproj", "{6C0841A5-7311-4855-B0DA-6DA49BDDCB2D}"
EndProject
Project("{FAE04EC0-301F-11D3-BF4B-00C04F79EFBC}") = "WebRole1", "WebRole1\WebRole1.csproj", "{4BEA678C-DA39-4177-A679-139CED39AE8C}"
EndProject
Project("{FAE04EC0-301F-11D3-BF4B-00C04F79EFBC}") = "LibQtpic", "LibQtpic\LibQtpic.csproj", "{6E1DA6FD-A2D9-433B-BFC2-F7C8135BEF6B}"
EndProject
Global
	GlobalSection(SolutionConfigurationPlatforms) = preSolution
		Debug|Any CPU = Debug|Any CPU
		Release|Any CPU = Release|Any CPU
	EndGlobalSection
	GlobalSection(ProjectConfigurationPlatforms) = postSolution
		{6C0841A5-7311-4855-B0DA-6DA49BDDCB2D}.Debug|Any CPU.ActiveCfg = Debug|Any CPU
		{6C0841A5-7311-4855-B0DA-6DA49BDDCB2D}.Debug|Any CPU.Build.0 = Debug|Any CPU
		{6C0841A5-7311-4855-B0DA-6DA49BDDCB2D}.Release|Any CPU.ActiveCfg = Release|Any CPU
		{6C0841A5-7311-4855-B0DA-6DA49BDDCB2D}.Release|Any CPU.Build.0 = Release|Any CPU
		{4BEA678C-DA39-4177-A679-139CED39AE8C}.Debug|Any CPU.ActiveCfg = Debug|Any CPU
		{4BEA678C-DA39-4177-A679-139CED39AE8C}.Debug|Any CPU.Build.0 = Debug|Any CPU
		{4BEA678C-DA39-4177-A679-139CED39AE8C}.Release|Any CPU.ActiveCfg = Release|Any CPU
		{4BEA678C-DA39-4177-A679-139CED39AE8C}.Release|Any CPU.Build.0 = Release|Any CPU
		{6E1DA6FD-A2D9-433B-BFC2-F7C8135BEF6B}.Debug|Any CPU.ActiveCfg = Debug|Any CPU
		{6E1DA6FD-A2D9-433B-BFC2-F7C8135BEF6B}.Debug|Any CPU.Build.0 = Debug|Any CPU
		{6E1DA6FD-A2D9-433B-BFC2-F7C8135BEF6B}.Release|Any CPU.ActiveCfg = Release|Any CPU
		{6E1DA6FD-A2D9-433B-BFC2-F7C8135BEF6B}.Release|Any CPU.Build.0 = Release|Any CPU
	EndGlobalSection
	GlobalSection(SolutionProperties) = preSolution
		HideSolutionNode = FALSE
	EndGlobalSection
EndGlobal
